
Microsoft Visual Studio Solution File, Format Version 12.00
# Visual Studio Version 17
VisualStudioVersion = 17.5.002.0
MinimumVisualStudioVersion = 10.0.40219.1
Project("{2150E333-8FDC-42A3-9474-1A3956D46DE8}") = "Year2015", "Year2015", "{00401C0F-5DE1-465C-991B-11A251E552DD}"
EndProject
Project("{9A19103F-16F7-4668-BE54-9A1E7A4F7556}") = "Day2", "Year2015\Day2\Day2.csproj", "{BEA03EDF-E976-4EC7-985D-F9CEDC177C0E}"
EndProject
Project("{9A19103F-16F7-4668-BE54-9A1E7A4F7556}") = "Day2.Tests", "Year2015\Day2.Tests\Day2.Tests.csproj", "{AA720E47-3574-4EB1-BD9F-042BDE61C483}"
EndProject
Project("{9A19103F-16F7-4668-BE54-9A1E7A4F7556}") = "Day1", "Year2015\Day1\Day1.csproj", "{06BDD1EC-D5F8-4A10-947B-8BEF1E2CE488}"
EndProject
Project("{FAE04EC0-301F-11D3-BF4B-00C04F79EFBC}") = "Day1.Tests", "Year2015\Day1.Tests\Day1.Tests.csproj", "{1E5C2D63-68DD-4F64-A617-706F286B0F91}"
EndProject
Project("{FAE04EC0-301F-11D3-BF4B-00C04F79EFBC}") = "Day3", "Year2015\Day3\Day3.csproj", "{F66432E9-2EEC-4222-BB63-50A9AA33021E}"
EndProject
Project("{FAE04EC0-301F-11D3-BF4B-00C04F79EFBC}") = "Day3.Tests", "Year2015\Day3.Tests\Day3.Tests.csproj", "{E1E2C732-CA78-46CD-87DC-46F1EBFF85D2}"
EndProject
Project("{FAE04EC0-301F-11D3-BF4B-00C04F79EFBC}") = "Day4", "Year2015\Day4\Day4.csproj", "{E3DF8C1F-E22B-47F5-BD15-A1E425D5DC4F}"
EndProject
Project("{FAE04EC0-301F-11D3-BF4B-00C04F79EFBC}") = "Day4.Tests", "Year2015\Day4.Tests\Day4.Tests.csproj", "{BBD88094-8163-460F-9897-EDCE91187015}"
EndProject
Global
	GlobalSection(SolutionConfigurationPlatforms) = preSolution
		Debug|Any CPU = Debug|Any CPU
		Release|Any CPU = Release|Any CPU
	EndGlobalSection
	GlobalSection(ProjectConfigurationPlatforms) = postSolution
		{BEA03EDF-E976-4EC7-985D-F9CEDC177C0E}.Debug|Any CPU.ActiveCfg = Debug|Any CPU
		{BEA03EDF-E976-4EC7-985D-F9CEDC177C0E}.Debug|Any CPU.Build.0 = Debug|Any CPU
		{BEA03EDF-E976-4EC7-985D-F9CEDC177C0E}.Release|Any CPU.ActiveCfg = Release|Any CPU
		{BEA03EDF-E976-4EC7-985D-F9CEDC177C0E}.Release|Any CPU.Build.0 = Release|Any CPU
		{AA720E47-3574-4EB1-BD9F-042BDE61C483}.Debug|Any CPU.ActiveCfg = Debug|Any CPU
		{AA720E47-3574-4EB1-BD9F-042BDE61C483}.Debug|Any CPU.Build.0 = Debug|Any CPU
		{AA720E47-3574-4EB1-BD9F-042BDE61C483}.Release|Any CPU.ActiveCfg = Release|Any CPU
		{AA720E47-3574-4EB1-BD9F-042BDE61C483}.Release|Any CPU.Build.0 = Release|Any CPU
		{06BDD1EC-D5F8-4A10-947B-8BEF1E2CE488}.Debug|Any CPU.ActiveCfg = Debug|Any CPU
		{06BDD1EC-D5F8-4A10-947B-8BEF1E2CE488}.Debug|Any CPU.Build.0 = Debug|Any CPU
		{06BDD1EC-D5F8-4A10-947B-8BEF1E2CE488}.Release|Any CPU.ActiveCfg = Release|Any CPU
		{06BDD1EC-D5F8-4A10-947B-8BEF1E2CE488}.Release|Any CPU.Build.0 = Release|Any CPU
		{1E5C2D63-68DD-4F64-A617-706F286B0F91}.Debug|Any CPU.ActiveCfg = Debug|Any CPU
		{1E5C2D63-68DD-4F64-A617-706F286B0F91}.Debug|Any CPU.Build.0 = Debug|Any CPU
		{1E5C2D63-68DD-4F64-A617-706F286B0F91}.Release|Any CPU.ActiveCfg = Release|Any CPU
		{1E5C2D63-68DD-4F64-A617-706F286B0F91}.Release|Any CPU.Build.0 = Release|Any CPU
		{F66432E9-2EEC-4222-BB63-50A9AA33021E}.Debug|Any CPU.ActiveCfg = Debug|Any CPU
		{F66432E9-2EEC-4222-BB63-50A9AA33021E}.Debug|Any CPU.Build.0 = Debug|Any CPU
		{F66432E9-2EEC-4222-BB63-50A9AA33021E}.Release|Any CPU.ActiveCfg = Release|Any CPU
		{F66432E9-2EEC-4222-BB63-50A9AA33021E}.Release|Any CPU.Build.0 = Release|Any CPU
		{E1E2C732-CA78-46CD-87DC-46F1EBFF85D2}.Debug|Any CPU.ActiveCfg = Debug|Any CPU
		{E1E2C732-CA78-46CD-87DC-46F1EBFF85D2}.Debug|Any CPU.Build.0 = Debug|Any CPU
		{E1E2C732-CA78-46CD-87DC-46F1EBFF85D2}.Release|Any CPU.ActiveCfg = Release|Any CPU
		{E1E2C732-CA78-46CD-87DC-46F1EBFF85D2}.Release|Any CPU.Build.0 = Release|Any CPU
		{E3DF8C1F-E22B-47F5-BD15-A1E425D5DC4F}.Debug|Any CPU.ActiveCfg = Debug|Any CPU
		{E3DF8C1F-E22B-47F5-BD15-A1E425D5DC4F}.Debug|Any CPU.Build.0 = Debug|Any CPU
		{E3DF8C1F-E22B-47F5-BD15-A1E425D5DC4F}.Release|Any CPU.ActiveCfg = Release|Any CPU
		{E3DF8C1F-E22B-47F5-BD15-A1E425D5DC4F}.Release|Any CPU.Build.0 = Release|Any CPU
		{BBD88094-8163-460F-9897-EDCE91187015}.Debug|Any CPU.ActiveCfg = Debug|Any CPU
		{BBD88094-8163-460F-9897-EDCE91187015}.Debug|Any CPU.Build.0 = Debug|Any CPU
		{BBD88094-8163-460F-9897-EDCE91187015}.Release|Any CPU.ActiveCfg = Release|Any CPU
		{BBD88094-8163-460F-9897-EDCE91187015}.Release|Any CPU.Build.0 = Release|Any CPU
	EndGlobalSection
	GlobalSection(SolutionProperties) = preSolution
		HideSolutionNode = FALSE
	EndGlobalSection
	GlobalSection(NestedProjects) = preSolution
		{BEA03EDF-E976-4EC7-985D-F9CEDC177C0E} = {00401C0F-5DE1-465C-991B-11A251E552DD}
		{AA720E47-3574-4EB1-BD9F-042BDE61C483} = {00401C0F-5DE1-465C-991B-11A251E552DD}
		{06BDD1EC-D5F8-4A10-947B-8BEF1E2CE488} = {00401C0F-5DE1-465C-991B-11A251E552DD}
		{1E5C2D63-68DD-4F64-A617-706F286B0F91} = {00401C0F-5DE1-465C-991B-11A251E552DD}
		{F66432E9-2EEC-4222-BB63-50A9AA33021E} = {00401C0F-5DE1-465C-991B-11A251E552DD}
		{E1E2C732-CA78-46CD-87DC-46F1EBFF85D2} = {00401C0F-5DE1-465C-991B-11A251E552DD}
		{E3DF8C1F-E22B-47F5-BD15-A1E425D5DC4F} = {00401C0F-5DE1-465C-991B-11A251E552DD}
		{BBD88094-8163-460F-9897-EDCE91187015} = {00401C0F-5DE1-465C-991B-11A251E552DD}
	EndGlobalSection
	GlobalSection(ExtensibilityGlobals) = postSolution
		SolutionGuid = {11E2D376-42B4-4A46-89CC-B5E938E7CDF6}
	EndGlobalSection
EndGlobal
